// !$*UTF8*$!
{
	archiveVersion = 1;
	classes = {
	};
	objectVersion = 50;
	objects = {

/* Begin PBXBuildFile section */
		67B613D36ABFF701BB124D98 /* Pods_Leader.framework in Frameworks */ = {isa = PBXBuildFile; fileRef = AC86948548FF4564F2D7BAD5 /* Pods_Leader.framework */; };
		8B6B076B22E8F4B5008C6885 /* FBLAViewController.swift in Sources */ = {isa = PBXBuildFile; fileRef = 8B6B076A22E8F4B5008C6885 /* FBLAViewController.swift */; };
		8B6B076D22E8F546008C6885 /* CompetitiveEventsVC.swift in Sources */ = {isa = PBXBuildFile; fileRef = 8B6B076C22E8F546008C6885 /* CompetitiveEventsVC.swift */; };
		8B6B076F22E8F5A0008C6885 /* CurrentEventsVC.swift in Sources */ = {isa = PBXBuildFile; fileRef = 8B6B076E22E8F5A0008C6885 /* CurrentEventsVC.swift */; };
		8B6B077122E8F5DC008C6885 /* AboutFBLAVC.swift in Sources */ = {isa = PBXBuildFile; fileRef = 8B6B077022E8F5DC008C6885 /* AboutFBLAVC.swift */; };
		9B191DB52310C72500E27032 /* CompetitiveEventDetails.swift in Sources */ = {isa = PBXBuildFile; fileRef = 9B191DB42310C72500E27032 /* CompetitiveEventDetails.swift */; };
		9B1A475B22E80801006DD5F0 /* SettingsVC.swift in Sources */ = {isa = PBXBuildFile; fileRef = 9B1A475A22E80801006DD5F0 /* SettingsVC.swift */; };
		9B5B921C22E7F37300B1985F /* AppDelegate.swift in Sources */ = {isa = PBXBuildFile; fileRef = 9B5B921B22E7F37300B1985F /* AppDelegate.swift */; };
		9B5B921E22E7F37300B1985F /* CalendarVC.swift in Sources */ = {isa = PBXBuildFile; fileRef = 9B5B921D22E7F37300B1985F /* CalendarVC.swift */; };
		9B5B922122E7F37300B1985F /* Main.storyboard in Resources */ = {isa = PBXBuildFile; fileRef = 9B5B921F22E7F37300B1985F /* Main.storyboard */; };
		9B5B922322E7F37400B1985F /* Assets.xcassets in Resources */ = {isa = PBXBuildFile; fileRef = 9B5B922222E7F37400B1985F /* Assets.xcassets */; };
		9B5B922622E7F37400B1985F /* LaunchScreen.storyboard in Resources */ = {isa = PBXBuildFile; fileRef = 9B5B922422E7F37400B1985F /* LaunchScreen.storyboard */; };
		9B63101D2318626100D6E406 /* GoogleService-Info.plist in Resources */ = {isa = PBXBuildFile; fileRef = 9B63101C2318626100D6E406 /* GoogleService-Info.plist */; };
		9B7A0F8C23218A2B00C06CE2 /* SignUpVC.swift in Sources */ = {isa = PBXBuildFile; fileRef = 9B7A0F8B23218A2B00C06CE2 /* SignUpVC.swift */; };
		9BA19D7C22FBDE2C00FB3204 /* AuthModels.swift in Sources */ = {isa = PBXBuildFile; fileRef = 9BA19D7B22FBDE2C00FB3204 /* AuthModels.swift */; };
		9BA2C80F22EE185200572FFE /* LogInVC.swift in Sources */ = {isa = PBXBuildFile; fileRef = 9BA2C80E22EE185200572FFE /* LogInVC.swift */; };
		9BB5FCC0232335630053E843 /* ChapterVC.swift in Sources */ = {isa = PBXBuildFile; fileRef = 9BB5FCBF232335630053E843 /* ChapterVC.swift */; };
		9BCE182723296C42004C5777 /* ChapterSignUp.swift in Sources */ = {isa = PBXBuildFile; fileRef = 9BCE182623296C42004C5777 /* ChapterSignUp.swift */; };
		9BF9B67D22F534FD00F76410 /* TableViewModels.swift in Sources */ = {isa = PBXBuildFile; fileRef = 9BF9B67C22F534FD00F76410 /* TableViewModels.swift */; };
/* End PBXBuildFile section */

/* Begin PBXFileReference section */
		8B6B076A22E8F4B5008C6885 /* FBLAViewController.swift */ = {isa = PBXFileReference; lastKnownFileType = sourcecode.swift; path = FBLAViewController.swift; sourceTree = "<group>"; };
		8B6B076C22E8F546008C6885 /* CompetitiveEventsVC.swift */ = {isa = PBXFileReference; lastKnownFileType = sourcecode.swift; path = CompetitiveEventsVC.swift; sourceTree = "<group>"; };
		8B6B076E22E8F5A0008C6885 /* CurrentEventsVC.swift */ = {isa = PBXFileReference; lastKnownFileType = sourcecode.swift; path = CurrentEventsVC.swift; sourceTree = "<group>"; };
		8B6B077022E8F5DC008C6885 /* AboutFBLAVC.swift */ = {isa = PBXFileReference; lastKnownFileType = sourcecode.swift; path = AboutFBLAVC.swift; sourceTree = "<group>"; };
		9B191DB42310C72500E27032 /* CompetitiveEventDetails.swift */ = {isa = PBXFileReference; lastKnownFileType = sourcecode.swift; path = CompetitiveEventDetails.swift; sourceTree = "<group>"; };
		9B1A475A22E80801006DD5F0 /* SettingsVC.swift */ = {isa = PBXFileReference; lastKnownFileType = sourcecode.swift; path = SettingsVC.swift; sourceTree = "<group>"; };
		9B5B921822E7F37300B1985F /* Leader.app */ = {isa = PBXFileReference; explicitFileType = wrapper.application; includeInIndex = 0; path = Leader.app; sourceTree = BUILT_PRODUCTS_DIR; };
		9B5B921B22E7F37300B1985F /* AppDelegate.swift */ = {isa = PBXFileReference; lastKnownFileType = sourcecode.swift; path = AppDelegate.swift; sourceTree = "<group>"; };
		9B5B921D22E7F37300B1985F /* CalendarVC.swift */ = {isa = PBXFileReference; lastKnownFileType = sourcecode.swift; path = CalendarVC.swift; sourceTree = "<group>"; };
		9B5B922022E7F37300B1985F /* Base */ = {isa = PBXFileReference; lastKnownFileType = file.storyboard; name = Base; path = Base.lproj/Main.storyboard; sourceTree = "<group>"; };
		9B5B922222E7F37400B1985F /* Assets.xcassets */ = {isa = PBXFileReference; lastKnownFileType = folder.assetcatalog; path = Assets.xcassets; sourceTree = "<group>"; };
		9B5B922522E7F37400B1985F /* Base */ = {isa = PBXFileReference; lastKnownFileType = file.storyboard; name = Base; path = Base.lproj/LaunchScreen.storyboard; sourceTree = "<group>"; };
		9B5B922722E7F37400B1985F /* Info.plist */ = {isa = PBXFileReference; lastKnownFileType = text.plist.xml; path = Info.plist; sourceTree = "<group>"; };
		9B63101C2318626100D6E406 /* GoogleService-Info.plist */ = {isa = PBXFileReference; fileEncoding = 4; lastKnownFileType = text.plist.xml; path = "GoogleService-Info.plist"; sourceTree = "<group>"; };
		9B7A0F8B23218A2B00C06CE2 /* SignUpVC.swift */ = {isa = PBXFileReference; lastKnownFileType = sourcecode.swift; path = SignUpVC.swift; sourceTree = "<group>"; };
		9BA19D7B22FBDE2C00FB3204 /* AuthModels.swift */ = {isa = PBXFileReference; lastKnownFileType = sourcecode.swift; path = AuthModels.swift; sourceTree = "<group>"; };
		9BA2C80E22EE185200572FFE /* LogInVC.swift */ = {isa = PBXFileReference; lastKnownFileType = sourcecode.swift; path = LogInVC.swift; sourceTree = "<group>"; };
		9BB5FCBF232335630053E843 /* ChapterVC.swift */ = {isa = PBXFileReference; lastKnownFileType = sourcecode.swift; path = ChapterVC.swift; sourceTree = "<group>"; };
		9BCE182623296C42004C5777 /* ChapterSignUp.swift */ = {isa = PBXFileReference; lastKnownFileType = sourcecode.swift; path = ChapterSignUp.swift; sourceTree = "<group>"; };
		9BF9B67C22F534FD00F76410 /* TableViewModels.swift */ = {isa = PBXFileReference; lastKnownFileType = sourcecode.swift; path = TableViewModels.swift; sourceTree = "<group>"; };
		AC86948548FF4564F2D7BAD5 /* Pods_Leader.framework */ = {isa = PBXFileReference; explicitFileType = wrapper.framework; includeInIndex = 0; path = Pods_Leader.framework; sourceTree = BUILT_PRODUCTS_DIR; };
		D8D08B275D4842C30CC741CB /* Pods-Leader.debug.xcconfig */ = {isa = PBXFileReference; includeInIndex = 1; lastKnownFileType = text.xcconfig; name = "Pods-Leader.debug.xcconfig"; path = "Pods/Target Support Files/Pods-Leader/Pods-Leader.debug.xcconfig"; sourceTree = "<group>"; };
		E4D237944597EC107B0F9A2A /* Pods-Leader.release.xcconfig */ = {isa = PBXFileReference; includeInIndex = 1; lastKnownFileType = text.xcconfig; name = "Pods-Leader.release.xcconfig"; path = "Pods/Target Support Files/Pods-Leader/Pods-Leader.release.xcconfig"; sourceTree = "<group>"; };
/* End PBXFileReference section */

/* Begin PBXFrameworksBuildPhase section */
		9B5B921522E7F37300B1985F /* Frameworks */ = {
			isa = PBXFrameworksBuildPhase;
			buildActionMask = 2147483647;
			files = (
				67B613D36ABFF701BB124D98 /* Pods_Leader.framework in Frameworks */,
			);
			runOnlyForDeploymentPostprocessing = 0;
		};
/* End PBXFrameworksBuildPhase section */

/* Begin PBXGroup section */
		0C346CA7ACE9D60AFD75120B /* Frameworks */ = {
			isa = PBXGroup;
			children = (
				AC86948548FF4564F2D7BAD5 /* Pods_Leader.framework */,
			);
			name = Frameworks;
			sourceTree = "<group>";
		};
		3BE8A41437E5875E682A997D /* Pods */ = {
			isa = PBXGroup;
			children = (
				D8D08B275D4842C30CC741CB /* Pods-Leader.debug.xcconfig */,
				E4D237944597EC107B0F9A2A /* Pods-Leader.release.xcconfig */,
			);
			name = Pods;
			sourceTree = "<group>";
		};
		8B6B076722E8B17D008C6885 /* Model */ = {
			isa = PBXGroup;
			children = (
				9B5B921B22E7F37300B1985F /* AppDelegate.swift */,
				9BF9B67C22F534FD00F76410 /* TableViewModels.swift */,
				9BA19D7B22FBDE2C00FB3204 /* AuthModels.swift */,
			);
			path = Model;
			sourceTree = "<group>";
		};
		8B6B076822E8B1AF008C6885 /* View */ = {
			isa = PBXGroup;
			children = (
				9B5B921F22E7F37300B1985F /* Main.storyboard */,
				9B5B922422E7F37400B1985F /* LaunchScreen.storyboard */,
			);
			path = View;
			sourceTree = "<group>";
		};
		8B6B076922E8B1C2008C6885 /* Controller */ = {
			isa = PBXGroup;
			children = (
				9BB5FCBF232335630053E843 /* ChapterVC.swift */,
				9B5B921D22E7F37300B1985F /* CalendarVC.swift */,
				8B6B076A22E8F4B5008C6885 /* FBLAViewController.swift */,
				9B1A475A22E80801006DD5F0 /* SettingsVC.swift */,
				8B6B076C22E8F546008C6885 /* CompetitiveEventsVC.swift */,
				9B191DB42310C72500E27032 /* CompetitiveEventDetails.swift */,
				8B6B076E22E8F5A0008C6885 /* CurrentEventsVC.swift */,
				8B6B077022E8F5DC008C6885 /* AboutFBLAVC.swift */,
				9BA2C80E22EE185200572FFE /* LogInVC.swift */,
				9B7A0F8B23218A2B00C06CE2 /* SignUpVC.swift */,
				9BCE182623296C42004C5777 /* ChapterSignUp.swift */,
			);
			path = Controller;
			sourceTree = "<group>";
		};
		9B5B920F22E7F37300B1985F = {
			isa = PBXGroup;
			children = (
				9B5B921A22E7F37300B1985F /* Leader */,
				9B5B921922E7F37300B1985F /* Products */,
				3BE8A41437E5875E682A997D /* Pods */,
				0C346CA7ACE9D60AFD75120B /* Frameworks */,
			);
			sourceTree = "<group>";
		};
		9B5B921922E7F37300B1985F /* Products */ = {
			isa = PBXGroup;
			children = (
				9B5B921822E7F37300B1985F /* Leader.app */,
			);
			name = Products;
			sourceTree = "<group>";
		};
		9B5B921A22E7F37300B1985F /* Leader */ = {
			isa = PBXGroup;
			children = (
				8B6B076722E8B17D008C6885 /* Model */,
				8B6B076822E8B1AF008C6885 /* View */,
				8B6B076922E8B1C2008C6885 /* Controller */,
				9B5B922222E7F37400B1985F /* Assets.xcassets */,
				9B5B922722E7F37400B1985F /* Info.plist */,
				9B63101C2318626100D6E406 /* GoogleService-Info.plist */,
			);
			path = Leader;
			sourceTree = "<group>";
		};
/* End PBXGroup section */

/* Begin PBXNativeTarget section */
		9B5B921722E7F37300B1985F /* Leader */ = {
			isa = PBXNativeTarget;
			buildConfigurationList = 9B5B922A22E7F37400B1985F /* Build configuration list for PBXNativeTarget "Leader" */;
			buildPhases = (
				3E4669808EF9EE999A001FF1 /* [CP] Check Pods Manifest.lock */,
				9B5B921422E7F37300B1985F /* Sources */,
				9B5B921522E7F37300B1985F /* Frameworks */,
				9B5B921622E7F37300B1985F /* Resources */,
				7F058FC62C86007B9D521DD9 /* [CP] Embed Pods Frameworks */,
				06C68E179F1F0759E8674C81 /* [CP] Copy Pods Resources */,
			);
			buildRules = (
			);
			dependencies = (
			);
			name = Leader;
			productName = Leader;
			productReference = 9B5B921822E7F37300B1985F /* Leader.app */;
			productType = "com.apple.product-type.application";
		};
/* End PBXNativeTarget section */

/* Begin PBXProject section */
		9B5B921022E7F37300B1985F /* Project object */ = {
			isa = PBXProject;
			attributes = {
				LastSwiftUpdateCheck = 1030;
				LastUpgradeCheck = 1030;
				ORGANIZATIONNAME = "Taryn Neal";
				TargetAttributes = {
					9B5B921722E7F37300B1985F = {
						CreatedOnToolsVersion = 10.3;
					};
				};
			};
			buildConfigurationList = 9B5B921322E7F37300B1985F /* Build configuration list for PBXProject "Leader" */;
			compatibilityVersion = "Xcode 9.3";
			developmentRegion = en;
			hasScannedForEncodings = 0;
			knownRegions = (
				en,
				Base,
			);
			mainGroup = 9B5B920F22E7F37300B1985F;
			productRefGroup = 9B5B921922E7F37300B1985F /* Products */;
			projectDirPath = "";
			projectRoot = "";
			targets = (
				9B5B921722E7F37300B1985F /* Leader */,
			);
		};
/* End PBXProject section */

/* Begin PBXResourcesBuildPhase section */
		9B5B921622E7F37300B1985F /* Resources */ = {
			isa = PBXResourcesBuildPhase;
			buildActionMask = 2147483647;
			files = (
				9B5B922622E7F37400B1985F /* LaunchScreen.storyboard in Resources */,
				9B63101D2318626100D6E406 /* GoogleService-Info.plist in Resources */,
				9B5B922322E7F37400B1985F /* Assets.xcassets in Resources */,
				9B5B922122E7F37300B1985F /* Main.storyboard in Resources */,
			);
			runOnlyForDeploymentPostprocessing = 0;
		};
/* End PBXResourcesBuildPhase section */

/* Begin PBXShellScriptBuildPhase section */
		06C68E179F1F0759E8674C81 /* [CP] Copy Pods Resources */ = {
			isa = PBXShellScriptBuildPhase;
			buildActionMask = 2147483647;
			files = (
			);
			inputPaths = (
				"${SRCROOT}/Pods/Target Support Files/Pods-Leader/Pods-Leader-resources.sh",
				"${PODS_CONFIGURATION_BUILD_DIR}/FirebaseUI/FirebaseAuthUI.bundle",
			);
			name = "[CP] Copy Pods Resources";
			outputPaths = (
				"${TARGET_BUILD_DIR}/${UNLOCALIZED_RESOURCES_FOLDER_PATH}/FirebaseAuthUI.bundle",
			);
			runOnlyForDeploymentPostprocessing = 0;
			shellPath = /bin/sh;
			shellScript = "\"${SRCROOT}/Pods/Target Support Files/Pods-Leader/Pods-Leader-resources.sh\"\n";
			showEnvVarsInLog = 0;
		};
		3E4669808EF9EE999A001FF1 /* [CP] Check Pods Manifest.lock */ = {
			isa = PBXShellScriptBuildPhase;
			buildActionMask = 2147483647;
			files = (
			);
			inputPaths = (
				"${PODS_PODFILE_DIR_PATH}/Podfile.lock",
				"${PODS_ROOT}/Manifest.lock",
			);
			name = "[CP] Check Pods Manifest.lock";
			outputPaths = (
				"$(DERIVED_FILE_DIR)/Pods-Leader-checkManifestLockResult.txt",
			);
			runOnlyForDeploymentPostprocessing = 0;
			shellPath = /bin/sh;
			shellScript = "diff \"${PODS_PODFILE_DIR_PATH}/Podfile.lock\" \"${PODS_ROOT}/Manifest.lock\" > /dev/null\nif [ $? != 0 ] ; then\n    # print error to STDERR\n    echo \"error: The sandbox is not in sync with the Podfile.lock. Run 'pod install' or update your CocoaPods installation.\" >&2\n    exit 1\nfi\n# This output is used by Xcode 'outputs' to avoid re-running this script phase.\necho \"SUCCESS\" > \"${SCRIPT_OUTPUT_FILE_0}\"\n";
			showEnvVarsInLog = 0;
		};
		7F058FC62C86007B9D521DD9 /* [CP] Embed Pods Frameworks */ = {
			isa = PBXShellScriptBuildPhase;
			buildActionMask = 2147483647;
			files = (
			);
			inputPaths = (
				"${SRCROOT}/Pods/Target Support Files/Pods-Leader/Pods-Leader-frameworks.sh",
				"${BUILT_PRODUCTS_DIR}/BoringSSL-GRPC/openssl_grpc.framework",
				"${BUILT_PRODUCTS_DIR}/GTMSessionFetcher/GTMSessionFetcher.framework",
				"${BUILT_PRODUCTS_DIR}/GoogleUtilities/GoogleUtilities.framework",
				"${BUILT_PRODUCTS_DIR}/JTAppleCalendar/JTAppleCalendar.framework",
				"${BUILT_PRODUCTS_DIR}/Protobuf/Protobuf.framework",
				"${BUILT_PRODUCTS_DIR}/gRPC-C++/grpcpp.framework",
				"${BUILT_PRODUCTS_DIR}/gRPC-Core/grpc.framework",
				"${BUILT_PRODUCTS_DIR}/leveldb-library/leveldb.framework",
				"${BUILT_PRODUCTS_DIR}/nanopb/nanopb.framework",
			);
			name = "[CP] Embed Pods Frameworks";
			outputPaths = (
				"${TARGET_BUILD_DIR}/${FRAMEWORKS_FOLDER_PATH}/openssl_grpc.framework",
				"${TARGET_BUILD_DIR}/${FRAMEWORKS_FOLDER_PATH}/GTMSessionFetcher.framework",
				"${TARGET_BUILD_DIR}/${FRAMEWORKS_FOLDER_PATH}/GoogleUtilities.framework",
				"${TARGET_BUILD_DIR}/${FRAMEWORKS_FOLDER_PATH}/JTAppleCalendar.framework",
				"${TARGET_BUILD_DIR}/${FRAMEWORKS_FOLDER_PATH}/Protobuf.framework",
				"${TARGET_BUILD_DIR}/${FRAMEWORKS_FOLDER_PATH}/grpcpp.framework",
				"${TARGET_BUILD_DIR}/${FRAMEWORKS_FOLDER_PATH}/grpc.framework",
				"${TARGET_BUILD_DIR}/${FRAMEWORKS_FOLDER_PATH}/leveldb.framework",
				"${TARGET_BUILD_DIR}/${FRAMEWORKS_FOLDER_PATH}/nanopb.framework",
			);
			runOnlyForDeploymentPostprocessing = 0;
			shellPath = /bin/sh;
			shellScript = "\"${SRCROOT}/Pods/Target Support Files/Pods-Leader/Pods-Leader-frameworks.sh\"\n";
			showEnvVarsInLog = 0;
		};
/* End PBXShellScriptBuildPhase section */

/* Begin PBXSourcesBuildPhase section */
		9B5B921422E7F37300B1985F /* Sources */ = {
			isa = PBXSourcesBuildPhase;
			buildActionMask = 2147483647;
			files = (
				9B5B921E22E7F37300B1985F /* CalendarVC.swift in Sources */,
				8B6B076F22E8F5A0008C6885 /* CurrentEventsVC.swift in Sources */,
				9B5B921C22E7F37300B1985F /* AppDelegate.swift in Sources */,
				9BF9B67D22F534FD00F76410 /* TableViewModels.swift in Sources */,
				9B7A0F8C23218A2B00C06CE2 /* SignUpVC.swift in Sources */,
				9B1A475B22E80801006DD5F0 /* SettingsVC.swift in Sources */,
				8B6B076B22E8F4B5008C6885 /* FBLAViewController.swift in Sources */,
				8B6B076D22E8F546008C6885 /* CompetitiveEventsVC.swift in Sources */,
				8B6B077122E8F5DC008C6885 /* AboutFBLAVC.swift in Sources */,
				9BCE182723296C42004C5777 /* ChapterSignUp.swift in Sources */,
				9B191DB52310C72500E27032 /* CompetitiveEventDetails.swift in Sources */,
				9BA2C80F22EE185200572FFE /* LogInVC.swift in Sources */,
				9BB5FCC0232335630053E843 /* ChapterVC.swift in Sources */,
				9BA19D7C22FBDE2C00FB3204 /* AuthModels.swift in Sources */,
			);
			runOnlyForDeploymentPostprocessing = 0;
		};
/* End PBXSourcesBuildPhase section */

/* Begin PBXVariantGroup section */
		9B5B921F22E7F37300B1985F /* Main.storyboard */ = {
			isa = PBXVariantGroup;
			children = (
				9B5B922022E7F37300B1985F /* Base */,
			);
			name = Main.storyboard;
			sourceTree = "<group>";
		};
		9B5B922422E7F37400B1985F /* LaunchScreen.storyboard */ = {
			isa = PBXVariantGroup;
			children = (
				9B5B922522E7F37400B1985F /* Base */,
			);
			name = LaunchScreen.storyboard;
			sourceTree = "<group>";
		};
/* End PBXVariantGroup section */

/* Begin XCBuildConfiguration section */
		9B5B922822E7F37400B1985F /* Debug */ = {
			isa = XCBuildConfiguration;
			buildSettings = {
				ALWAYS_SEARCH_USER_PATHS = NO;
				CLANG_ANALYZER_NONNULL = YES;
				CLANG_ANALYZER_NUMBER_OBJECT_CONVERSION = YES_AGGRESSIVE;
				CLANG_CXX_LANGUAGE_STANDARD = "gnu++14";
				CLANG_CXX_LIBRARY = "libc++";
				CLANG_ENABLE_MODULES = YES;
				CLANG_ENABLE_OBJC_ARC = YES;
				CLANG_ENABLE_OBJC_WEAK = YES;
				CLANG_WARN_BLOCK_CAPTURE_AUTORELEASING = YES;
				CLANG_WARN_BOOL_CONVERSION = YES;
				CLANG_WARN_COMMA = YES;
				CLANG_WARN_CONSTANT_CONVERSION = YES;
				CLANG_WARN_DEPRECATED_OBJC_IMPLEMENTATIONS = YES;
				CLANG_WARN_DIRECT_OBJC_ISA_USAGE = YES_ERROR;
				CLANG_WARN_DOCUMENTATION_COMMENTS = YES;
				CLANG_WARN_EMPTY_BODY = YES;
				CLANG_WARN_ENUM_CONVERSION = YES;
				CLANG_WARN_INFINITE_RECURSION = YES;
				CLANG_WARN_INT_CONVERSION = YES;
				CLANG_WARN_NON_LITERAL_NULL_CONVERSION = YES;
				CLANG_WARN_OBJC_IMPLICIT_RETAIN_SELF = YES;
				CLANG_WARN_OBJC_LITERAL_CONVERSION = YES;
				CLANG_WARN_OBJC_ROOT_CLASS = YES_ERROR;
				CLANG_WARN_RANGE_LOOP_ANALYSIS = YES;
				CLANG_WARN_STRICT_PROTOTYPES = YES;
				CLANG_WARN_SUSPICIOUS_MOVE = YES;
				CLANG_WARN_UNGUARDED_AVAILABILITY = YES_AGGRESSIVE;
				CLANG_WARN_UNREACHABLE_CODE = YES;
				CLANG_WARN__DUPLICATE_METHOD_MATCH = YES;
				CODE_SIGN_IDENTITY = "iPhone Developer";
				COPY_PHASE_STRIP = NO;
				DEBUG_INFORMATION_FORMAT = dwarf;
				ENABLE_STRICT_OBJC_MSGSEND = YES;
				ENABLE_TESTABILITY = YES;
				GCC_C_LANGUAGE_STANDARD = gnu11;
				GCC_DYNAMIC_NO_PIC = NO;
				GCC_NO_COMMON_BLOCKS = YES;
				GCC_OPTIMIZATION_LEVEL = 0;
				GCC_PREPROCESSOR_DEFINITIONS = (
					"DEBUG=1",
					"$(inherited)",
				);
				GCC_WARN_64_TO_32_BIT_CONVERSION = YES;
				GCC_WARN_ABOUT_RETURN_TYPE = YES_ERROR;
				GCC_WARN_UNDECLARED_SELECTOR = YES;
				GCC_WARN_UNINITIALIZED_AUTOS = YES_AGGRESSIVE;
				GCC_WARN_UNUSED_FUNCTION = YES;
				GCC_WARN_UNUSED_VARIABLE = YES;
				IPHONEOS_DEPLOYMENT_TARGET = 12.4;
				MTL_ENABLE_DEBUG_INFO = INCLUDE_SOURCE;
				MTL_FAST_MATH = YES;
				ONLY_ACTIVE_ARCH = YES;
				SDKROOT = iphoneos;
				SWIFT_ACTIVE_COMPILATION_CONDITIONS = DEBUG;
				SWIFT_OPTIMIZATION_LEVEL = "-Onone";
			};
			name = Debug;
		};
		9B5B922922E7F37400B1985F /* Release */ = {
			isa = XCBuildConfiguration;
			buildSettings = {
				ALWAYS_SEARCH_USER_PATHS = NO;
				CLANG_ANALYZER_NONNULL = YES;
				CLANG_ANALYZER_NUMBER_OBJECT_CONVERSION = YES_AGGRESSIVE;
				CLANG_CXX_LANGUAGE_STANDARD = "gnu++14";
				CLANG_CXX_LIBRARY = "libc++";
				CLANG_ENABLE_MODULES = YES;
				CLANG_ENABLE_OBJC_ARC = YES;
				CLANG_ENABLE_OBJC_WEAK = YES;
				CLANG_WARN_BLOCK_CAPTURE_AUTORELEASING = YES;
				CLANG_WARN_BOOL_CONVERSION = YES;
				CLANG_WARN_COMMA = YES;
				CLANG_WARN_CONSTANT_CONVERSION = YES;
				CLANG_WARN_DEPRECATED_OBJC_IMPLEMENTATIONS = YES;
				CLANG_WARN_DIRECT_OBJC_ISA_USAGE = YES_ERROR;
				CLANG_WARN_DOCUMENTATION_COMMENTS = YES;
				CLANG_WARN_EMPTY_BODY = YES;
				CLANG_WARN_ENUM_CONVERSION = YES;
				CLANG_WARN_INFINITE_RECURSION = YES;
				CLANG_WARN_INT_CONVERSION = YES;
				CLANG_WARN_NON_LITERAL_NULL_CONVERSION = YES;
				CLANG_WARN_OBJC_IMPLICIT_RETAIN_SELF = YES;
				CLANG_WARN_OBJC_LITERAL_CONVERSION = YES;
				CLANG_WARN_OBJC_ROOT_CLASS = YES_ERROR;
				CLANG_WARN_RANGE_LOOP_ANALYSIS = YES;
				CLANG_WARN_STRICT_PROTOTYPES = YES;
				CLANG_WARN_SUSPICIOUS_MOVE = YES;
				CLANG_WARN_UNGUARDED_AVAILABILITY = YES_AGGRESSIVE;
				CLANG_WARN_UNREACHABLE_CODE = YES;
				CLANG_WARN__DUPLICATE_METHOD_MATCH = YES;
				CODE_SIGN_IDENTITY = "iPhone Developer";
				COPY_PHASE_STRIP = NO;
				DEBUG_INFORMATION_FORMAT = "dwarf-with-dsym";
				ENABLE_NS_ASSERTIONS = NO;
				ENABLE_STRICT_OBJC_MSGSEND = YES;
				GCC_C_LANGUAGE_STANDARD = gnu11;
				GCC_NO_COMMON_BLOCKS = YES;
				GCC_WARN_64_TO_32_BIT_CONVERSION = YES;
				GCC_WARN_ABOUT_RETURN_TYPE = YES_ERROR;
				GCC_WARN_UNDECLARED_SELECTOR = YES;
				GCC_WARN_UNINITIALIZED_AUTOS = YES_AGGRESSIVE;
				GCC_WARN_UNUSED_FUNCTION = YES;
				GCC_WARN_UNUSED_VARIABLE = YES;
				IPHONEOS_DEPLOYMENT_TARGET = 12.4;
				MTL_ENABLE_DEBUG_INFO = NO;
				MTL_FAST_MATH = YES;
				SDKROOT = iphoneos;
				SWIFT_COMPILATION_MODE = wholemodule;
				SWIFT_OPTIMIZATION_LEVEL = "-O";
				VALIDATE_PRODUCT = YES;
			};
			name = Release;
		};
		9B5B922B22E7F37400B1985F /* Debug */ = {
			isa = XCBuildConfiguration;
			baseConfigurationReference = D8D08B275D4842C30CC741CB /* Pods-Leader.debug.xcconfig */;
			buildSettings = {
				ASSETCATALOG_COMPILER_APPICON_NAME = AppIcon;
				CODE_SIGN_STYLE = Automatic;
				DEVELOPMENT_TEAM = QDQ2MBW2QX;
				INFOPLIST_FILE = Leader/Info.plist;
				IPHONEOS_DEPLOYMENT_TARGET = 12.0;
				LD_RUNPATH_SEARCH_PATHS = (
					"$(inherited)",
					"@executable_path/Frameworks",
				);
				PRODUCT_BUNDLE_IDENTIFIER = com.tarynneal10.Leader;
				PRODUCT_NAME = "$(TARGET_NAME)";
				SWIFT_VERSION = 5.0;
				TARGETED_DEVICE_FAMILY = "1,2";
			};
			name = Debug;
		};
		9B5B922C22E7F37400B1985F /* Release */ = {
			isa = XCBuildConfiguration;
			baseConfigurationReference = E4D237944597EC107B0F9A2A /* Pods-Leader.release.xcconfig */;
			buildSettings = {
				ASSETCATALOG_COMPILER_APPICON_NAME = AppIcon;
				CODE_SIGN_STYLE = Automatic;
				DEVELOPMENT_TEAM = QDQ2MBW2QX;
				INFOPLIST_FILE = Leader/Info.plist;
				IPHONEOS_DEPLOYMENT_TARGET = 12.0;
				LD_RUNPATH_SEARCH_PATHS = (
					"$(inherited)",
					"@executable_path/Frameworks",
				);
				PRODUCT_BUNDLE_IDENTIFIER = com.tarynneal10.Leader;
				PRODUCT_NAME = "$(TARGET_NAME)";
				SWIFT_VERSION = 5.0;
				TARGETED_DEVICE_FAMILY = "1,2";
			};
			name = Release;
		};
/* End XCBuildConfiguration section */

/* Begin XCConfigurationList section */
		9B5B921322E7F37300B1985F /* Build configuration list for PBXProject "Leader" */ = {
			isa = XCConfigurationList;
			buildConfigurations = (
				9B5B922822E7F37400B1985F /* Debug */,
				9B5B922922E7F37400B1985F /* Release */,
			);
			defaultConfigurationIsVisible = 0;
			defaultConfigurationName = Release;
		};
		9B5B922A22E7F37400B1985F /* Build configuration list for PBXNativeTarget "Leader" */ = {
			isa = XCConfigurationList;
			buildConfigurations = (
				9B5B922B22E7F37400B1985F /* Debug */,
				9B5B922C22E7F37400B1985F /* Release */,
			);
			defaultConfigurationIsVisible = 0;
			defaultConfigurationName = Release;
		};
/* End XCConfigurationList section */
	};
	rootObject = 9B5B921022E7F37300B1985F /* Project object */;
}
