PODS:
  - JTAppleCalendar (8.0.0)
  - Realm (3.17.3):
    - Realm/Headers (= 3.17.3)
  - Realm/Headers (3.17.3)
  - RealmSwift (3.17.3):
    - Realm (= 3.17.3)

DEPENDENCIES:
  - JTAppleCalendar
  - RealmSwift

SPEC CHECKSUMS:
  JTAppleCalendar: 76ccdc5a8b236166293e50b190c5f2722c30cdcd
  Realm: 5a1d9d47bfc101dd597668b1a8af4288a2557f6d
  RealmSwift: b7fdc2d18616621c31df5c7a398a45a2163f8eb0

PODFILE CHECKSUM: c097a1a322de949238bdbfbce81a0b4180068281

COCOAPODS: 1.4.0
